// !$*UTF8*$!
{
	archiveVersion = 1;
	classes = {
	};
	objectVersion = 46;
	objects = {

/* Begin PBXBuildFile section */
		9F4C197219C4C0EB00264F54 /* JPCCube.m in Sources */ = {isa = PBXBuildFile; fileRef = 9F4C197119C4C0EB00264F54 /* JPCCube.m */; };
		9F4C197519C4C5C100264F54 /* JPCPlayer.m in Sources */ = {isa = PBXBuildFile; fileRef = 9F4C197419C4C5C100264F54 /* JPCPlayer.m */; };
		9F4C197D19C50B6500264F54 /* SKScene+TouchPriority.m in Sources */ = {isa = PBXBuildFile; fileRef = 9F4C197C19C50B6500264F54 /* SKScene+TouchPriority.m */; };
		9F8DBA2119C4BCC800217836 /* Foundation.framework in Frameworks */ = {isa = PBXBuildFile; fileRef = 9F8DBA2019C4BCC800217836 /* Foundation.framework */; };
		9F8DBA2319C4BCC800217836 /* CoreGraphics.framework in Frameworks */ = {isa = PBXBuildFile; fileRef = 9F8DBA2219C4BCC800217836 /* CoreGraphics.framework */; };
		9F8DBA2519C4BCC800217836 /* UIKit.framework in Frameworks */ = {isa = PBXBuildFile; fileRef = 9F8DBA2419C4BCC800217836 /* UIKit.framework */; };
		9F8DBA2719C4BCC800217836 /* SpriteKit.framework in Frameworks */ = {isa = PBXBuildFile; fileRef = 9F8DBA2619C4BCC800217836 /* SpriteKit.framework */; };
		9F8DBA2D19C4BCC800217836 /* InfoPlist.strings in Resources */ = {isa = PBXBuildFile; fileRef = 9F8DBA2B19C4BCC800217836 /* InfoPlist.strings */; };
		9F8DBA2F19C4BCC800217836 /* main.m in Sources */ = {isa = PBXBuildFile; fileRef = 9F8DBA2E19C4BCC800217836 /* main.m */; };
		9F8DBA3319C4BCC800217836 /* JPCAppDelegate.m in Sources */ = {isa = PBXBuildFile; fileRef = 9F8DBA3219C4BCC800217836 /* JPCAppDelegate.m */; };
		9F8DBA3619C4BCC800217836 /* Main.storyboard in Resources */ = {isa = PBXBuildFile; fileRef = 9F8DBA3419C4BCC800217836 /* Main.storyboard */; };
		9F8DBA3919C4BCC800217836 /* JPCViewController.m in Sources */ = {isa = PBXBuildFile; fileRef = 9F8DBA3819C4BCC800217836 /* JPCViewController.m */; };
		9F8DBA3C19C4BCC800217836 /* JPCMyScene.m in Sources */ = {isa = PBXBuildFile; fileRef = 9F8DBA3B19C4BCC800217836 /* JPCMyScene.m */; };
		9F8DBA4019C4BCC800217836 /* Images.xcassets in Resources */ = {isa = PBXBuildFile; fileRef = 9F8DBA3F19C4BCC800217836 /* Images.xcassets */; };
		9F8DBA4719C4BCC800217836 /* XCTest.framework in Frameworks */ = {isa = PBXBuildFile; fileRef = 9F8DBA4619C4BCC800217836 /* XCTest.framework */; };
		9F8DBA4819C4BCC800217836 /* Foundation.framework in Frameworks */ = {isa = PBXBuildFile; fileRef = 9F8DBA2019C4BCC800217836 /* Foundation.framework */; };
		9F8DBA4919C4BCC800217836 /* UIKit.framework in Frameworks */ = {isa = PBXBuildFile; fileRef = 9F8DBA2419C4BCC800217836 /* UIKit.framework */; };
		9F8DBA5119C4BCC800217836 /* InfoPlist.strings in Resources */ = {isa = PBXBuildFile; fileRef = 9F8DBA4F19C4BCC800217836 /* InfoPlist.strings */; };
		9F8DBA5319C4BCC800217836 /* JumpingCubeTests.m in Sources */ = {isa = PBXBuildFile; fileRef = 9F8DBA5219C4BCC800217836 /* JumpingCubeTests.m */; };
/* End PBXBuildFile section */

/* Begin PBXContainerItemProxy section */
		9F8DBA4A19C4BCC800217836 /* PBXContainerItemProxy */ = {
			isa = PBXContainerItemProxy;
			containerPortal = 9F8DBA1519C4BCC800217836 /* Project object */;
			proxyType = 1;
			remoteGlobalIDString = 9F8DBA1C19C4BCC800217836;
			remoteInfo = JumpingCube;
		};
/* End PBXContainerItemProxy section */

/* Begin PBXFileReference section */
		9F4C197019C4C0EB00264F54 /* JPCCube.h */ = {isa = PBXFileReference; fileEncoding = 4; lastKnownFileType = sourcecode.c.h; path = JPCCube.h; sourceTree = "<group>"; };
		9F4C197119C4C0EB00264F54 /* JPCCube.m */ = {isa = PBXFileReference; fileEncoding = 4; lastKnownFileType = sourcecode.c.objc; path = JPCCube.m; sourceTree = "<group>"; };
		9F4C197319C4C5C100264F54 /* JPCPlayer.h */ = {isa = PBXFileReference; fileEncoding = 4; lastKnownFileType = sourcecode.c.h; path = JPCPlayer.h; sourceTree = "<group>"; };
		9F4C197419C4C5C100264F54 /* JPCPlayer.m */ = {isa = PBXFileReference; fileEncoding = 4; lastKnownFileType = sourcecode.c.objc; path = JPCPlayer.m; sourceTree = "<group>"; };
		9F4C197B19C50B6500264F54 /* SKScene+TouchPriority.h */ = {isa = PBXFileReference; fileEncoding = 4; lastKnownFileType = sourcecode.c.h; path = "SKScene+TouchPriority.h"; sourceTree = "<group>"; };
		9F4C197C19C50B6500264F54 /* SKScene+TouchPriority.m */ = {isa = PBXFileReference; fileEncoding = 4; lastKnownFileType = sourcecode.c.objc; path = "SKScene+TouchPriority.m"; sourceTree = "<group>"; };
		9F8DBA1D19C4BCC800217836 /* JumpingCube.app */ = {isa = PBXFileReference; explicitFileType = wrapper.application; includeInIndex = 0; path = JumpingCube.app; sourceTree = BUILT_PRODUCTS_DIR; };
		9F8DBA2019C4BCC800217836 /* Foundation.framework */ = {isa = PBXFileReference; lastKnownFileType = wrapper.framework; name = Foundation.framework; path = System/Library/Frameworks/Foundation.framework; sourceTree = SDKROOT; };
		9F8DBA2219C4BCC800217836 /* CoreGraphics.framework */ = {isa = PBXFileReference; lastKnownFileType = wrapper.framework; name = CoreGraphics.framework; path = System/Library/Frameworks/CoreGraphics.framework; sourceTree = SDKROOT; };
		9F8DBA2419C4BCC800217836 /* UIKit.framework */ = {isa = PBXFileReference; lastKnownFileType = wrapper.framework; name = UIKit.framework; path = System/Library/Frameworks/UIKit.framework; sourceTree = SDKROOT; };
		9F8DBA2619C4BCC800217836 /* SpriteKit.framework */ = {isa = PBXFileReference; lastKnownFileType = wrapper.framework; name = SpriteKit.framework; path = System/Library/Frameworks/SpriteKit.framework; sourceTree = SDKROOT; };
		9F8DBA2A19C4BCC800217836 /* JumpingCube-Info.plist */ = {isa = PBXFileReference; lastKnownFileType = text.plist.xml; path = "JumpingCube-Info.plist"; sourceTree = "<group>"; };
		9F8DBA2C19C4BCC800217836 /* en */ = {isa = PBXFileReference; lastKnownFileType = text.plist.strings; name = en; path = en.lproj/InfoPlist.strings; sourceTree = "<group>"; };
		9F8DBA2E19C4BCC800217836 /* main.m */ = {isa = PBXFileReference; lastKnownFileType = sourcecode.c.objc; path = main.m; sourceTree = "<group>"; };
		9F8DBA3019C4BCC800217836 /* JumpingCube-Prefix.pch */ = {isa = PBXFileReference; lastKnownFileType = sourcecode.c.h; path = "JumpingCube-Prefix.pch"; sourceTree = "<group>"; };
		9F8DBA3119C4BCC800217836 /* JPCAppDelegate.h */ = {isa = PBXFileReference; lastKnownFileType = sourcecode.c.h; path = JPCAppDelegate.h; sourceTree = "<group>"; };
		9F8DBA3219C4BCC800217836 /* JPCAppDelegate.m */ = {isa = PBXFileReference; lastKnownFileType = sourcecode.c.objc; path = JPCAppDelegate.m; sourceTree = "<group>"; };
		9F8DBA3519C4BCC800217836 /* Base */ = {isa = PBXFileReference; lastKnownFileType = file.storyboard; name = Base; path = Base.lproj/Main.storyboard; sourceTree = "<group>"; };
		9F8DBA3719C4BCC800217836 /* JPCViewController.h */ = {isa = PBXFileReference; lastKnownFileType = sourcecode.c.h; path = JPCViewController.h; sourceTree = "<group>"; };
		9F8DBA3819C4BCC800217836 /* JPCViewController.m */ = {isa = PBXFileReference; lastKnownFileType = sourcecode.c.objc; path = JPCViewController.m; sourceTree = "<group>"; };
		9F8DBA3A19C4BCC800217836 /* JPCMyScene.h */ = {isa = PBXFileReference; lastKnownFileType = sourcecode.c.h; path = JPCMyScene.h; sourceTree = "<group>"; };
		9F8DBA3B19C4BCC800217836 /* JPCMyScene.m */ = {isa = PBXFileReference; lastKnownFileType = sourcecode.c.objc; path = JPCMyScene.m; sourceTree = "<group>"; };
		9F8DBA3F19C4BCC800217836 /* Images.xcassets */ = {isa = PBXFileReference; lastKnownFileType = folder.assetcatalog; path = Images.xcassets; sourceTree = "<group>"; };
		9F8DBA4519C4BCC800217836 /* JumpingCubeTests.xctest */ = {isa = PBXFileReference; explicitFileType = wrapper.cfbundle; includeInIndex = 0; path = JumpingCubeTests.xctest; sourceTree = BUILT_PRODUCTS_DIR; };
		9F8DBA4619C4BCC800217836 /* XCTest.framework */ = {isa = PBXFileReference; lastKnownFileType = wrapper.framework; name = XCTest.framework; path = Library/Frameworks/XCTest.framework; sourceTree = DEVELOPER_DIR; };
		9F8DBA4E19C4BCC800217836 /* JumpingCubeTests-Info.plist */ = {isa = PBXFileReference; lastKnownFileType = text.plist.xml; path = "JumpingCubeTests-Info.plist"; sourceTree = "<group>"; };
		9F8DBA5019C4BCC800217836 /* en */ = {isa = PBXFileReference; lastKnownFileType = text.plist.strings; name = en; path = en.lproj/InfoPlist.strings; sourceTree = "<group>"; };
		9F8DBA5219C4BCC800217836 /* JumpingCubeTests.m */ = {isa = PBXFileReference; lastKnownFileType = sourcecode.c.objc; path = JumpingCubeTests.m; sourceTree = "<group>"; };
/* End PBXFileReference section */

/* Begin PBXFrameworksBuildPhase section */
		9F8DBA1A19C4BCC800217836 /* Frameworks */ = {
			isa = PBXFrameworksBuildPhase;
			buildActionMask = 2147483647;
			files = (
				9F8DBA2319C4BCC800217836 /* CoreGraphics.framework in Frameworks */,
				9F8DBA2519C4BCC800217836 /* UIKit.framework in Frameworks */,
				9F8DBA2719C4BCC800217836 /* SpriteKit.framework in Frameworks */,
				9F8DBA2119C4BCC800217836 /* Foundation.framework in Frameworks */,
			);
			runOnlyForDeploymentPostprocessing = 0;
		};
		9F8DBA4219C4BCC800217836 /* Frameworks */ = {
			isa = PBXFrameworksBuildPhase;
			buildActionMask = 2147483647;
			files = (
				9F8DBA4719C4BCC800217836 /* XCTest.framework in Frameworks */,
				9F8DBA4919C4BCC800217836 /* UIKit.framework in Frameworks */,
				9F8DBA4819C4BCC800217836 /* Foundation.framework in Frameworks */,
			);
			runOnlyForDeploymentPostprocessing = 0;
		};
/* End PBXFrameworksBuildPhase section */

/* Begin PBXGroup section */
		9F4C197A19C50B5700264F54 /* Third Party */ = {
			isa = PBXGroup;
			children = (
				9F4C197B19C50B6500264F54 /* SKScene+TouchPriority.h */,
				9F4C197C19C50B6500264F54 /* SKScene+TouchPriority.m */,
			);
			name = "Third Party";
			sourceTree = "<group>";
		};
		9F8DBA1419C4BCC800217836 = {
			isa = PBXGroup;
			children = (
				9F8DBA2819C4BCC800217836 /* JumpingCube */,
				9F8DBA4C19C4BCC800217836 /* JumpingCubeTests */,
				9F8DBA1F19C4BCC800217836 /* Frameworks */,
				9F8DBA1E19C4BCC800217836 /* Products */,
			);
			sourceTree = "<group>";
		};
		9F8DBA1E19C4BCC800217836 /* Products */ = {
			isa = PBXGroup;
			children = (
				9F8DBA1D19C4BCC800217836 /* JumpingCube.app */,
				9F8DBA4519C4BCC800217836 /* JumpingCubeTests.xctest */,
			);
			name = Products;
			sourceTree = "<group>";
		};
		9F8DBA1F19C4BCC800217836 /* Frameworks */ = {
			isa = PBXGroup;
			children = (
				9F8DBA2019C4BCC800217836 /* Foundation.framework */,
				9F8DBA2219C4BCC800217836 /* CoreGraphics.framework */,
				9F8DBA2419C4BCC800217836 /* UIKit.framework */,
				9F8DBA2619C4BCC800217836 /* SpriteKit.framework */,
				9F8DBA4619C4BCC800217836 /* XCTest.framework */,
			);
			name = Frameworks;
			sourceTree = "<group>";
		};
		9F8DBA2819C4BCC800217836 /* JumpingCube */ = {
			isa = PBXGroup;
			children = (
				9F4C197A19C50B5700264F54 /* Third Party */,
				9F8DBA3119C4BCC800217836 /* JPCAppDelegate.h */,
				9F8DBA3219C4BCC800217836 /* JPCAppDelegate.m */,
				9F8DBA3419C4BCC800217836 /* Main.storyboard */,
				9F8DBA3719C4BCC800217836 /* JPCViewController.h */,
				9F8DBA3819C4BCC800217836 /* JPCViewController.m */,
				9F8DBA3A19C4BCC800217836 /* JPCMyScene.h */,
				9F8DBA3B19C4BCC800217836 /* JPCMyScene.m */,
				9F4C197019C4C0EB00264F54 /* JPCCube.h */,
				9F4C197119C4C0EB00264F54 /* JPCCube.m */,
				9F4C197319C4C5C100264F54 /* JPCPlayer.h */,
				9F4C197419C4C5C100264F54 /* JPCPlayer.m */,
				9F8DBA3F19C4BCC800217836 /* Images.xcassets */,
				9F8DBA2919C4BCC800217836 /* Supporting Files */,
			);
			path = JumpingCube;
			sourceTree = "<group>";
		};
		9F8DBA2919C4BCC800217836 /* Supporting Files */ = {
			isa = PBXGroup;
			children = (
				9F8DBA2A19C4BCC800217836 /* JumpingCube-Info.plist */,
				9F8DBA2B19C4BCC800217836 /* InfoPlist.strings */,
				9F8DBA2E19C4BCC800217836 /* main.m */,
				9F8DBA3019C4BCC800217836 /* JumpingCube-Prefix.pch */,
			);
			name = "Supporting Files";
			sourceTree = "<group>";
		};
		9F8DBA4C19C4BCC800217836 /* JumpingCubeTests */ = {
			isa = PBXGroup;
			children = (
				9F8DBA5219C4BCC800217836 /* JumpingCubeTests.m */,
				9F8DBA4D19C4BCC800217836 /* Supporting Files */,
			);
			path = JumpingCubeTests;
			sourceTree = "<group>";
		};
		9F8DBA4D19C4BCC800217836 /* Supporting Files */ = {
			isa = PBXGroup;
			children = (
				9F8DBA4E19C4BCC800217836 /* JumpingCubeTests-Info.plist */,
				9F8DBA4F19C4BCC800217836 /* InfoPlist.strings */,
			);
			name = "Supporting Files";
			sourceTree = "<group>";
		};
/* End PBXGroup section */

/* Begin PBXNativeTarget section */
		9F8DBA1C19C4BCC800217836 /* JumpingCube */ = {
			isa = PBXNativeTarget;
			buildConfigurationList = 9F8DBA5619C4BCC800217836 /* Build configuration list for PBXNativeTarget "JumpingCube" */;
			buildPhases = (
				9F8DBA1919C4BCC800217836 /* Sources */,
				9F8DBA1A19C4BCC800217836 /* Frameworks */,
				9F8DBA1B19C4BCC800217836 /* Resources */,
			);
			buildRules = (
			);
			dependencies = (
			);
			name = JumpingCube;
			productName = JumpingCube;
			productReference = 9F8DBA1D19C4BCC800217836 /* JumpingCube.app */;
			productType = "com.apple.product-type.application";
		};
		9F8DBA4419C4BCC800217836 /* JumpingCubeTests */ = {
			isa = PBXNativeTarget;
			buildConfigurationList = 9F8DBA5919C4BCC800217836 /* Build configuration list for PBXNativeTarget "JumpingCubeTests" */;
			buildPhases = (
				9F8DBA4119C4BCC800217836 /* Sources */,
				9F8DBA4219C4BCC800217836 /* Frameworks */,
				9F8DBA4319C4BCC800217836 /* Resources */,
			);
			buildRules = (
			);
			dependencies = (
				9F8DBA4B19C4BCC800217836 /* PBXTargetDependency */,
			);
			name = JumpingCubeTests;
			productName = JumpingCubeTests;
			productReference = 9F8DBA4519C4BCC800217836 /* JumpingCubeTests.xctest */;
			productType = "com.apple.product-type.bundle.unit-test";
		};
/* End PBXNativeTarget section */

/* Begin PBXProject section */
		9F8DBA1519C4BCC800217836 /* Project object */ = {
			isa = PBXProject;
			attributes = {
				CLASSPREFIX = JPC;
				LastUpgradeCheck = 0510;
				TargetAttributes = {
					9F8DBA4419C4BCC800217836 = {
						TestTargetID = 9F8DBA1C19C4BCC800217836;
					};
				};
			};
			buildConfigurationList = 9F8DBA1819C4BCC800217836 /* Build configuration list for PBXProject "JumpingCube" */;
			compatibilityVersion = "Xcode 3.2";
			developmentRegion = English;
			hasScannedForEncodings = 0;
			knownRegions = (
				en,
				Base,
			);
			mainGroup = 9F8DBA1419C4BCC800217836;
			productRefGroup = 9F8DBA1E19C4BCC800217836 /* Products */;
			projectDirPath = "";
			projectRoot = "";
			targets = (
				9F8DBA1C19C4BCC800217836 /* JumpingCube */,
				9F8DBA4419C4BCC800217836 /* JumpingCubeTests */,
			);
		};
/* End PBXProject section */

/* Begin PBXResourcesBuildPhase section */
		9F8DBA1B19C4BCC800217836 /* Resources */ = {
			isa = PBXResourcesBuildPhase;
			buildActionMask = 2147483647;
			files = (
				9F8DBA2D19C4BCC800217836 /* InfoPlist.strings in Resources */,
				9F8DBA4019C4BCC800217836 /* Images.xcassets in Resources */,
				9F8DBA3619C4BCC800217836 /* Main.storyboard in Resources */,
			);
			runOnlyForDeploymentPostprocessing = 0;
		};
		9F8DBA4319C4BCC800217836 /* Resources */ = {
			isa = PBXResourcesBuildPhase;
			buildActionMask = 2147483647;
			files = (
				9F8DBA5119C4BCC800217836 /* InfoPlist.strings in Resources */,
			);
			runOnlyForDeploymentPostprocessing = 0;
		};
/* End PBXResourcesBuildPhase section */

/* Begin PBXSourcesBuildPhase section */
		9F8DBA1919C4BCC800217836 /* Sources */ = {
			isa = PBXSourcesBuildPhase;
			buildActionMask = 2147483647;
			files = (
				9F8DBA3C19C4BCC800217836 /* JPCMyScene.m in Sources */,
				9F8DBA3319C4BCC800217836 /* JPCAppDelegate.m in Sources */,
				9F4C197519C4C5C100264F54 /* JPCPlayer.m in Sources */,
				9F4C197D19C50B6500264F54 /* SKScene+TouchPriority.m in Sources */,
				9F4C197219C4C0EB00264F54 /* JPCCube.m in Sources */,
				9F8DBA2F19C4BCC800217836 /* main.m in Sources */,
				9F8DBA3919C4BCC800217836 /* JPCViewController.m in Sources */,
			);
			runOnlyForDeploymentPostprocessing = 0;
		};
		9F8DBA4119C4BCC800217836 /* Sources */ = {
			isa = PBXSourcesBuildPhase;
			buildActionMask = 2147483647;
			files = (
				9F8DBA5319C4BCC800217836 /* JumpingCubeTests.m in Sources */,
			);
			runOnlyForDeploymentPostprocessing = 0;
		};
/* End PBXSourcesBuildPhase section */

/* Begin PBXTargetDependency section */
		9F8DBA4B19C4BCC800217836 /* PBXTargetDependency */ = {
			isa = PBXTargetDependency;
			target = 9F8DBA1C19C4BCC800217836 /* JumpingCube */;
			targetProxy = 9F8DBA4A19C4BCC800217836 /* PBXContainerItemProxy */;
		};
/* End PBXTargetDependency section */

/* Begin PBXVariantGroup section */
		9F8DBA2B19C4BCC800217836 /* InfoPlist.strings */ = {
			isa = PBXVariantGroup;
			children = (
				9F8DBA2C19C4BCC800217836 /* en */,
			);
			name = InfoPlist.strings;
			sourceTree = "<group>";
		};
		9F8DBA3419C4BCC800217836 /* Main.storyboard */ = {
			isa = PBXVariantGroup;
			children = (
				9F8DBA3519C4BCC800217836 /* Base */,
			);
			name = Main.storyboard;
			sourceTree = "<group>";
		};
		9F8DBA4F19C4BCC800217836 /* InfoPlist.strings */ = {
			isa = PBXVariantGroup;
			children = (
				9F8DBA5019C4BCC800217836 /* en */,
			);
			name = InfoPlist.strings;
			sourceTree = "<group>";
		};
/* End PBXVariantGroup section */

/* Begin XCBuildConfiguration section */
		9F8DBA5419C4BCC800217836 /* Debug */ = {
			isa = XCBuildConfiguration;
			buildSettings = {
				ALWAYS_SEARCH_USER_PATHS = NO;
				CLANG_CXX_LANGUAGE_STANDARD = "gnu++0x";
				CLANG_CXX_LIBRARY = "libc++";
				CLANG_ENABLE_MODULES = YES;
				CLANG_ENABLE_OBJC_ARC = YES;
				CLANG_WARN_BOOL_CONVERSION = YES;
				CLANG_WARN_CONSTANT_CONVERSION = YES;
				CLANG_WARN_DIRECT_OBJC_ISA_USAGE = YES_ERROR;
				CLANG_WARN_EMPTY_BODY = YES;
				CLANG_WARN_ENUM_CONVERSION = YES;
				CLANG_WARN_INT_CONVERSION = YES;
				CLANG_WARN_OBJC_ROOT_CLASS = YES_ERROR;
				CLANG_WARN__DUPLICATE_METHOD_MATCH = YES;
				"CODE_SIGN_IDENTITY[sdk=iphoneos*]" = "iPhone Developer";
				COPY_PHASE_STRIP = NO;
				GCC_C_LANGUAGE_STANDARD = gnu99;
				GCC_DYNAMIC_NO_PIC = NO;
				GCC_OPTIMIZATION_LEVEL = 0;
				GCC_PREPROCESSOR_DEFINITIONS = (
					"DEBUG=1",
					"$(inherited)",
				);
				GCC_SYMBOLS_PRIVATE_EXTERN = NO;
				GCC_WARN_64_TO_32_BIT_CONVERSION = YES;
				GCC_WARN_ABOUT_RETURN_TYPE = YES_ERROR;
				GCC_WARN_UNDECLARED_SELECTOR = YES;
				GCC_WARN_UNINITIALIZED_AUTOS = YES_AGGRESSIVE;
				GCC_WARN_UNUSED_FUNCTION = YES;
				GCC_WARN_UNUSED_VARIABLE = YES;
				IPHONEOS_DEPLOYMENT_TARGET = 7.1;
				ONLY_ACTIVE_ARCH = YES;
				SDKROOT = iphoneos;
			};
			name = Debug;
		};
		9F8DBA5519C4BCC800217836 /* Release */ = {
			isa = XCBuildConfiguration;
			buildSettings = {
				ALWAYS_SEARCH_USER_PATHS = NO;
				CLANG_CXX_LANGUAGE_STANDARD = "gnu++0x";
				CLANG_CXX_LIBRARY = "libc++";
				CLANG_ENABLE_MODULES = YES;
				CLANG_ENABLE_OBJC_ARC = YES;
				CLANG_WARN_BOOL_CONVERSION = YES;
				CLANG_WARN_CONSTANT_CONVERSION = YES;
				CLANG_WARN_DIRECT_OBJC_ISA_USAGE = YES_ERROR;
				CLANG_WARN_EMPTY_BODY = YES;
				CLANG_WARN_ENUM_CONVERSION = YES;
				CLANG_WARN_INT_CONVERSION = YES;
				CLANG_WARN_OBJC_ROOT_CLASS = YES_ERROR;
				CLANG_WARN__DUPLICATE_METHOD_MATCH = YES;
				"CODE_SIGN_IDENTITY[sdk=iphoneos*]" = "iPhone Developer";
				COPY_PHASE_STRIP = YES;
				ENABLE_NS_ASSERTIONS = NO;
				GCC_C_LANGUAGE_STANDARD = gnu99;
				GCC_WARN_64_TO_32_BIT_CONVERSION = YES;
				GCC_WARN_ABOUT_RETURN_TYPE = YES_ERROR;
				GCC_WARN_UNDECLARED_SELECTOR = YES;
				GCC_WARN_UNINITIALIZED_AUTOS = YES_AGGRESSIVE;
				GCC_WARN_UNUSED_FUNCTION = YES;
				GCC_WARN_UNUSED_VARIABLE = YES;
				IPHONEOS_DEPLOYMENT_TARGET = 7.1;
				SDKROOT = iphoneos;
				VALIDATE_PRODUCT = YES;
			};
			name = Release;
		};
		9F8DBA5719C4BCC800217836 /* Debug */ = {
			isa = XCBuildConfiguration;
			buildSettings = {
				ASSETCATALOG_COMPILER_APPICON_NAME = AppIcon;
				ASSETCATALOG_COMPILER_LAUNCHIMAGE_NAME = LaunchImage;
				GCC_PRECOMPILE_PREFIX_HEADER = YES;
				GCC_PREFIX_HEADER = "JumpingCube/JumpingCube-Prefix.pch";
				GCC_TREAT_WARNINGS_AS_ERRORS = YES;
				GCC_WARN_PEDANTIC = YES;
				INFOPLIST_FILE = "JumpingCube/JumpingCube-Info.plist";
				PRODUCT_NAME = "$(TARGET_NAME)";
				SPRITEKIT_TEXTURE_ATLAS_OUTPUT = YES;
				WRAPPER_EXTENSION = app;
			};
			name = Debug;
		};
		9F8DBA5819C4BCC800217836 /* Release */ = {
			isa = XCBuildConfiguration;
			buildSettings = {
				ASSETCATALOG_COMPILER_APPICON_NAME = AppIcon;
				ASSETCATALOG_COMPILER_LAUNCHIMAGE_NAME = LaunchImage;
				GCC_PRECOMPILE_PREFIX_HEADER = YES;
				GCC_PREFIX_HEADER = "JumpingCube/JumpingCube-Prefix.pch";
				GCC_TREAT_WARNINGS_AS_ERRORS = YES;
				GCC_WARN_PEDANTIC = YES;
				INFOPLIST_FILE = "JumpingCube/JumpingCube-Info.plist";
				PRODUCT_NAME = "$(TARGET_NAME)";
				SPRITEKIT_TEXTURE_ATLAS_OUTPUT = YES;
				WRAPPER_EXTENSION = app;
			};
			name = Release;
		};
		9F8DBA5A19C4BCC800217836 /* Debug */ = {
			isa = XCBuildConfiguration;
			buildSettings = {
				BUNDLE_LOADER = "$(BUILT_PRODUCTS_DIR)/JumpingCube.app/JumpingCube";
				FRAMEWORK_SEARCH_PATHS = (
					"$(SDKROOT)/Developer/Library/Frameworks",
					"$(inherited)",
					"$(DEVELOPER_FRAMEWORKS_DIR)",
				);
				GCC_PRECOMPILE_PREFIX_HEADER = YES;
				GCC_PREFIX_HEADER = "JumpingCube/JumpingCube-Prefix.pch";
				GCC_PREPROCESSOR_DEFINITIONS = (
					"DEBUG=1",
					"$(inherited)",
				);
				INFOPLIST_FILE = "JumpingCubeTests/JumpingCubeTests-Info.plist";
				PRODUCT_NAME = "$(TARGET_NAME)";
				TEST_HOST = "$(BUNDLE_LOADER)";
				WRAPPER_EXTENSION = xctest;
			};
			name = Debug;
		};
		9F8DBA5B19C4BCC800217836 /* Release */ = {
			isa = XCBuildConfiguration;
			buildSettings = {
				BUNDLE_LOADER = "$(BUILT_PRODUCTS_DIR)/JumpingCube.app/JumpingCube";
				FRAMEWORK_SEARCH_PATHS = (
					"$(SDKROOT)/Developer/Library/Frameworks",
					"$(inherited)",
					"$(DEVELOPER_FRAMEWORKS_DIR)",
				);
				GCC_PRECOMPILE_PREFIX_HEADER = YES;
				GCC_PREFIX_HEADER = "JumpingCube/JumpingCube-Prefix.pch";
				INFOPLIST_FILE = "JumpingCubeTests/JumpingCubeTests-Info.plist";
				PRODUCT_NAME = "$(TARGET_NAME)";
				TEST_HOST = "$(BUNDLE_LOADER)";
				WRAPPER_EXTENSION = xctest;
			};
			name = Release;
		};
/* End XCBuildConfiguration section */

/* Begin XCConfigurationList section */
		9F8DBA1819C4BCC800217836 /* Build configuration list for PBXProject "JumpingCube" */ = {
			isa = XCConfigurationList;
			buildConfigurations = (
				9F8DBA5419C4BCC800217836 /* Debug */,
				9F8DBA5519C4BCC800217836 /* Release */,
			);
			defaultConfigurationIsVisible = 0;
			defaultConfigurationName = Release;
		};
		9F8DBA5619C4BCC800217836 /* Build configuration list for PBXNativeTarget "JumpingCube" */ = {
			isa = XCConfigurationList;
			buildConfigurations = (
				9F8DBA5719C4BCC800217836 /* Debug */,
				9F8DBA5819C4BCC800217836 /* Release */,
			);
			defaultConfigurationIsVisible = 0;
			defaultConfigurationName = Release;
		};
		9F8DBA5919C4BCC800217836 /* Build configuration list for PBXNativeTarget "JumpingCubeTests" */ = {
			isa = XCConfigurationList;
			buildConfigurations = (
				9F8DBA5A19C4BCC800217836 /* Debug */,
				9F8DBA5B19C4BCC800217836 /* Release */,
			);
			defaultConfigurationIsVisible = 0;
			defaultConfigurationName = Release;
		};
/* End XCConfigurationList section */
	};
	rootObject = 9F8DBA1519C4BCC800217836 /* Project object */;
}
